Microsoft Visual Studio Solution File, Format Version 12.00
# Visual Studio Version 17
VisualStudioVersion = 17.5.2.0
MinimumVisualStudioVersion = 10.0.40219.1
Project("{FAE04EC0-301F-11D3-BF4B-00C04F79EFBC}") = "validaCPF", "validaCPF.csproj", "{B9AE1AA0-4D04-4263-DBBD-AD2E83763650}"
EndProject
Global
	GlobalSection(SolutionConfigurationPlatforms) = preSolution
		Debug|Any CPU = Debug|Any CPU
		Release|Any CPU = Release|Any CPU
	EndGlobalSection
	GlobalSection(ProjectConfigurationPlatforms) = postSolution
		{B9AE1AA0-4D04-4263-DBBD-AD2E83763650}.Debug|Any CPU.ActiveCfg = Debug|Any CPU
		{B9AE1AA0-4D04-4263-DBBD-AD2E83763650}.Debug|Any CPU.Build.0 = Debug|Any CPU
		{B9AE1AA0-4D04-4263-DBBD-AD2E83763650}.Release|Any CPU.ActiveCfg = Release|Any CPU
		{B9AE1AA0-4D04-4263-DBBD-AD2E83763650}.Release|Any CPU.Build.0 = Release|Any CPU
	EndGlobalSection
	GlobalSection(SolutionProperties) = preSolution
		HideSolutionNode = FALSE
	EndGlobalSection
	GlobalSection(ExtensibilityGlobals) = postSolution
		SolutionGuid = {4C63DD93-6398-4B6F-A3AD-E9567ED22AE6}
	EndGlobalSection
EndGlobal
